
Microsoft Visual Studio Solution File, Format Version 11.00
# Visual Studio 2010
Project("{FAE04EC0-301F-11D3-BF4B-00C04F79EFBC}") = "UnityEngine.UI", "UnityEngine.UI.csproj", "{2b8120b2-369f-90b0-cea1-bba27beb3963}"
EndProject
Project("{FAE04EC0-301F-11D3-BF4B-00C04F79EFBC}") = "IngameDebugConsole.Runtime", "IngameDebugConsole.Runtime.csproj", "{fc1bfa65-f505-64ad-584c-66b76bb98152}"
EndProject
Project("{FAE04EC0-301F-11D3-BF4B-00C04F79EFBC}") = "Assembly-CSharp", "Assembly-CSharp.csproj", "{569a85a2-4aab-f951-60bb-1b6fc96e8c70}"
EndProject
Project("{FAE04EC0-301F-11D3-BF4B-00C04F79EFBC}") = "UnityEditor.UI", "UnityEditor.UI.csproj", "{27df5c51-0832-0742-f448-c95d51cbbe66}"
EndProject
Project("{FAE04EC0-301F-11D3-BF4B-00C04F79EFBC}") = "Assembly-CSharp-Editor", "Assembly-CSharp-Editor.csproj", "{ce9fc52f-b1bc-d313-fb79-5dd1af79a2af}"
EndProject
Project("{FAE04EC0-301F-11D3-BF4B-00C04F79EFBC}") = "IngameDebugConsole.Editor", "IngameDebugConsole.Editor.csproj", "{ff7c5f3a-817c-b3d6-fdc6-b93ff30bb2f7}"
EndProject
Project("{FAE04EC0-301F-11D3-BF4B-00C04F79EFBC}") = "Dll.UI", "Dll.UI\Dll.UI.csproj", "{1327B8B6-5D2D-4BF9-916E-2FE777E9D62F}"
EndProject
Project("{FAE04EC0-301F-11D3-BF4B-00C04F79EFBC}") = "Dll.UI.Editor", "Dll.UI.Editor\Dll.UI.Editor.csproj", "{5A96C0C9-7938-4EA5-8585-6B30F126EE6D}"
EndProject
Project("{FAE04EC0-301F-11D3-BF4B-00C04F79EFBC}") = "Dll.Core", "Dll.Core\Dll.Core.csproj", "{17864CB8-061E-4D9C-9A7A-05ADB7C39E9B}"
EndProject
Project("{FAE04EC0-301F-11D3-BF4B-00C04F79EFBC}") = "Asset", "Dll.Asset\Asset.csproj", "{F8837803-6672-44DB-AEA7-710A43199C57}"
EndProject
Global
	GlobalSection(SolutionConfigurationPlatforms) = preSolution
		Debug|Any CPU = Debug|Any CPU
	EndGlobalSection
	GlobalSection(ProjectConfigurationPlatforms) = postSolution
		{2b8120b2-369f-90b0-cea1-bba27beb3963}.Debug|Any CPU.ActiveCfg = Debug|Any CPU
		{2b8120b2-369f-90b0-cea1-bba27beb3963}.Debug|Any CPU.Build.0 = Debug|Any CPU
		{fc1bfa65-f505-64ad-584c-66b76bb98152}.Debug|Any CPU.ActiveCfg = Debug|Any CPU
		{fc1bfa65-f505-64ad-584c-66b76bb98152}.Debug|Any CPU.Build.0 = Debug|Any CPU
		{569a85a2-4aab-f951-60bb-1b6fc96e8c70}.Debug|Any CPU.ActiveCfg = Debug|Any CPU
		{569a85a2-4aab-f951-60bb-1b6fc96e8c70}.Debug|Any CPU.Build.0 = Debug|Any CPU
		{27df5c51-0832-0742-f448-c95d51cbbe66}.Debug|Any CPU.ActiveCfg = Debug|Any CPU
		{27df5c51-0832-0742-f448-c95d51cbbe66}.Debug|Any CPU.Build.0 = Debug|Any CPU
		{ce9fc52f-b1bc-d313-fb79-5dd1af79a2af}.Debug|Any CPU.ActiveCfg = Debug|Any CPU
		{ce9fc52f-b1bc-d313-fb79-5dd1af79a2af}.Debug|Any CPU.Build.0 = Debug|Any CPU
		{ff7c5f3a-817c-b3d6-fdc6-b93ff30bb2f7}.Debug|Any CPU.ActiveCfg = Debug|Any CPU
		{ff7c5f3a-817c-b3d6-fdc6-b93ff30bb2f7}.Debug|Any CPU.Build.0 = Debug|Any CPU
		{1327B8B6-5D2D-4BF9-916E-2FE777E9D62F}.Debug|Any CPU.ActiveCfg = Debug|Any CPU
		{1327B8B6-5D2D-4BF9-916E-2FE777E9D62F}.Debug|Any CPU.Build.0 = Debug|Any CPU
		{5A96C0C9-7938-4EA5-8585-6B30F126EE6D}.Debug|Any CPU.ActiveCfg = Debug|Any CPU
		{5A96C0C9-7938-4EA5-8585-6B30F126EE6D}.Debug|Any CPU.Build.0 = Debug|Any CPU
		{17864CB8-061E-4D9C-9A7A-05ADB7C39E9B}.Debug|Any CPU.ActiveCfg = Debug|Any CPU
		{17864CB8-061E-4D9C-9A7A-05ADB7C39E9B}.Debug|Any CPU.Build.0 = Debug|Any CPU
		{F8837803-6672-44DB-AEA7-710A43199C57}.Debug|Any CPU.ActiveCfg = Debug|Any CPU
		{F8837803-6672-44DB-AEA7-710A43199C57}.Debug|Any CPU.Build.0 = Debug|Any CPU
	EndGlobalSection
	GlobalSection(SolutionProperties) = preSolution
		HideSolutionNode = FALSE
	EndGlobalSection
EndGlobal
